{
  "name": "GabrielaTiago",
  "lockfileVersion": 3,
  "requires": true,
  "packages": {
    "": {
      "dependencies": {
        "github-markdown-css": "^5.6.1"
      }
    },
    "node_modules/github-markdown-css": {
      "version": "5.6.1",
      "resolved": "https://registry.npmjs.org/github-markdown-css/-/github-markdown-css-5.6.1.tgz",
      "integrity": "sha512-DItLFgHd+s7HQmk63YN4/TdvLeRqk1QP7pPKTTPrDTYoI5x7f/luJWSOZxesmuxBI2srHp8RDyoZd+9WF+WK8Q==",
      "engines": {
        "node": ">=10"
      },
      "funding": {
        "url": "https://github.com/sponsors/sindresorhus"
      }
    }
  }
}
